
Microsoft Visual Studio Solution File, Format Version 12.00
# Visual Studio Version 17
VisualStudioVersion = 17.11.35312.102
MinimumVisualStudioVersion = 10.0.40219.1
Project("{FAE04EC0-301F-11D3-BF4B-00C04F79EFBC}") = "d20.DiceRoller.Vue.Server", "d20.DiceRoller.Vue.Server\d20.DiceRoller.Vue.Server.csproj", "{97E04701-50FC-41FD-B982-EF157ED23815}"
EndProject
Project("{54A90642-561A-4BB1-A94E-469ADEE60C69}") = "d20.diceroller.vue.client", "d20.diceroller.vue.client\d20.diceroller.vue.client.esproj", "{07F80766-074A-4127-AE13-B623B14F9C5B}"
EndProject
Global
	GlobalSection(SolutionConfigurationPlatforms) = preSolution
		Debug|Any CPU = Debug|Any CPU
		Release|Any CPU = Release|Any CPU
	EndGlobalSection
	GlobalSection(ProjectConfigurationPlatforms) = postSolution
		{97E04701-50FC-41FD-B982-EF157ED23815}.Debug|Any CPU.ActiveCfg = Debug|Any CPU
		{97E04701-50FC-41FD-B982-EF157ED23815}.Debug|Any CPU.Build.0 = Debug|Any CPU
		{97E04701-50FC-41FD-B982-EF157ED23815}.Release|Any CPU.ActiveCfg = Release|Any CPU
		{97E04701-50FC-41FD-B982-EF157ED23815}.Release|Any CPU.Build.0 = Release|Any CPU
		{07F80766-074A-4127-AE13-B623B14F9C5B}.Debug|Any CPU.ActiveCfg = Debug|Any CPU
		{07F80766-074A-4127-AE13-B623B14F9C5B}.Debug|Any CPU.Build.0 = Debug|Any CPU
		{07F80766-074A-4127-AE13-B623B14F9C5B}.Debug|Any CPU.Deploy.0 = Debug|Any CPU
		{07F80766-074A-4127-AE13-B623B14F9C5B}.Release|Any CPU.ActiveCfg = Release|Any CPU
		{07F80766-074A-4127-AE13-B623B14F9C5B}.Release|Any CPU.Build.0 = Release|Any CPU
		{07F80766-074A-4127-AE13-B623B14F9C5B}.Release|Any CPU.Deploy.0 = Release|Any CPU
	EndGlobalSection
	GlobalSection(SolutionProperties) = preSolution
		HideSolutionNode = FALSE
	EndGlobalSection
	GlobalSection(ExtensibilityGlobals) = postSolution
		SolutionGuid = {666BBF79-7EED-4ACD-B5C0-404960BBFC53}
	EndGlobalSection
EndGlobal
